
Microsoft Visual Studio Solution File, Format Version 12.00
# Visual Studio Version 16
VisualStudioVersion = 16.0.33027.164
MinimumVisualStudioVersion = 10.0.40219.1
Project("{FAE04EC0-301F-11D3-BF4B-00C04F79EFBC}") = "11_Catch_Cube", "11_Catch_Cube.csproj", "{3CD78AF4-2F3E-41B2-AB3F-75834B2B68C4}"
EndProject
Global
	GlobalSection(SolutionConfigurationPlatforms) = preSolution
		Debug|Any CPU = Debug|Any CPU
		Release|Any CPU = Release|Any CPU
	EndGlobalSection
	GlobalSection(ProjectConfigurationPlatforms) = postSolution
		{3CD78AF4-2F3E-41B2-AB3F-75834B2B68C4}.Debug|Any CPU.ActiveCfg = Debug|Any CPU
		{3CD78AF4-2F3E-41B2-AB3F-75834B2B68C4}.Debug|Any CPU.Build.0 = Debug|Any CPU
		{3CD78AF4-2F3E-41B2-AB3F-75834B2B68C4}.Release|Any CPU.ActiveCfg = Release|Any CPU
		{3CD78AF4-2F3E-41B2-AB3F-75834B2B68C4}.Release|Any CPU.Build.0 = Release|Any CPU
	EndGlobalSection
	GlobalSection(SolutionProperties) = preSolution
		HideSolutionNode = FALSE
	EndGlobalSection
	GlobalSection(ExtensibilityGlobals) = postSolution
		SolutionGuid = {BF617096-928D-4122-BAF5-099E00D2CC1D}
	EndGlobalSection
EndGlobal
